schema: '2.0'
stages:
  load_data:
    cmd: python src/load_data.py --config=params.yaml
    deps:
    - path: data_given/winequality.csv
      md5: ccc8d3507eb151f53f760d36abdef888
      size: 91998
    - path: src/get_data.py
      md5: c1117104fecea6733fc046182e9dc89d
      size: 793
    - path: src/load_data.py
      md5: fffc2208021be73d154fb7b3b82730f4
      size: 668
    outs:
    - path: data/raw/winequality.csv
      md5: d98e8f2eca228c11c4de1cc96866a54d
      size: 93598
  split_data:
    cmd: python src/split_data.py --config=params.yaml
    deps:
    - path: data/raw/winequality.csv
      md5: d98e8f2eca228c11c4de1cc96866a54d
      size: 93598
    - path: src/split_data.py
      md5: f0d4ab27406c6b2c5b2e27307bb169a5
      size: 1046
    outs:
    - path: data/processed/test_winequality.csv
      md5: 01718da3bd6e206060ed00667ca1a389
      size: 18831
    - path: data/processed/train_winequality.csv
      md5: 4bccf4d668cdc60115de42ba74d416ab
      size: 74913
  train_and_evalluate:
    cmd: python src/train_and_evaluate.py --config=params.yaml
    deps:
    - path: data/processed/test_winequality.csv
      md5: 01718da3bd6e206060ed00667ca1a389
      size: 18831
    - path: data/processed/train_winequality.csv
      md5: 4bccf4d668cdc60115de42ba74d416ab
      size: 74913
    - path: src/train_and_evaluate.py
      md5: 8b25af3093ef2bcb00fe4d464365af0a
      size: 2072
    params:
      params.yaml:
        estimators.ElasticNet.params.alpha: 0.9
        estimators.ElasticNet.params.l1_ratio: 0.4
    outs:
    - path: saved_models/model.joblib
      md5: 27962c33876021499cc7f1bd81f989a1
      size: 798
  train_and_evaluate:
    cmd: python src/train_and_evaluate.py --config=params.yaml
    deps:
    - path: data/processed/test_winequality.csv
      md5: 01718da3bd6e206060ed00667ca1a389
      size: 18831
    - path: data/processed/train_winequality.csv
      md5: 4bccf4d668cdc60115de42ba74d416ab
      size: 74913
    - path: src/train_and_evaluate.py
      md5: 19b7f08db3baa223299753f2c75bbc1e
      size: 2801
    params:
      params.yaml:
        estimators.ElasticNet.params.alpha: 0.5
        estimators.ElasticNet.params.l1_ratio: 0.5
  log_production_model:
    cmd: python src/log_production_model.py --config=params.yaml
    deps:
    - path: src/log_production_model.py
      md5: d41d8cd98f00b204e9800998ecf8427e
      size: 0
